// !$*UTF8*$!
{
	archiveVersion = 1;
	classes = {
	};
	objectVersion = 46;
	objects = {

/* Begin PBXBuildFile section */
		A504AC7618F2F71E006C336A /* Foundation.framework in Frameworks */ = {isa = PBXBuildFile; fileRef = A504AC7518F2F71E006C336A /* Foundation.framework */; };
		A504ACA918F2F73B006C336A /* DB.m in Sources */ = {isa = PBXBuildFile; fileRef = A504AC9C18F2F73B006C336A /* DB.m */; };
		A504ACAA18F2F73B006C336A /* DBDelete.m in Sources */ = {isa = PBXBuildFile; fileRef = A504AC9E18F2F73B006C336A /* DBDelete.m */; };
		A504ACAB18F2F73B006C336A /* DBInsert.m in Sources */ = {isa = PBXBuildFile; fileRef = A504ACA018F2F73B006C336A /* DBInsert.m */; };
		A504ACAC18F2F73B006C336A /* DBMutatingStatement.m in Sources */ = {isa = PBXBuildFile; fileRef = A504ACA218F2F73B006C336A /* DBMutatingStatement.m */; };
		A504ACAD18F2F73B006C336A /* DBSelect.m in Sources */ = {isa = PBXBuildFile; fileRef = A504ACA418F2F73B006C336A /* DBSelect.m */; };
		A504ACAE18F2F73B006C336A /* DBStatement.m in Sources */ = {isa = PBXBuildFile; fileRef = A504ACA618F2F73B006C336A /* DBStatement.m */; };
		A504ACAF18F2F73B006C336A /* DBUpdate.m in Sources */ = {isa = PBXBuildFile; fileRef = A504ACA818F2F73B006C336A /* DBUpdate.m */; };
		A504ACB118F2F7DA006C336A /* CoreData.framework in Frameworks */ = {isa = PBXBuildFile; fileRef = A504ACB018F2F7DA006C336A /* CoreData.framework */; };
		A54D28A518F72E5C008B3CE6 /* DB.h in CopyFiles */ = {isa = PBXBuildFile; fileRef = A504AC9B18F2F73B006C336A /* DB.h */; };
		A54D28A618F72E5C008B3CE6 /* DBDelete.h in CopyFiles */ = {isa = PBXBuildFile; fileRef = A504AC9D18F2F73B006C336A /* DBDelete.h */; };
		A54D28A718F72E5C008B3CE6 /* DBInsert.h in CopyFiles */ = {isa = PBXBuildFile; fileRef = A504AC9F18F2F73B006C336A /* DBInsert.h */; };
		A54D28A818F72E5C008B3CE6 /* DBSelect.h in CopyFiles */ = {isa = PBXBuildFile; fileRef = A504ACA318F2F73B006C336A /* DBSelect.h */; };
		A54D28A918F72E5C008B3CE6 /* DBStatement.h in CopyFiles */ = {isa = PBXBuildFile; fileRef = A504ACA518F2F73B006C336A /* DBStatement.h */; };
		A54D28AA18F72E5C008B3CE6 /* DBUpdate.h in CopyFiles */ = {isa = PBXBuildFile; fileRef = A504ACA718F2F73B006C336A /* DBUpdate.h */; };
/* End PBXBuildFile section */

/* Begin PBXCopyFilesBuildPhase section */
		A504AC7018F2F71E006C336A /* CopyFiles */ = {
			isa = PBXCopyFilesBuildPhase;
			buildActionMask = 2147483647;
			dstPath = "include/$(PRODUCT_NAME)";
			dstSubfolderSpec = 16;
			files = (
				A54D28A518F72E5C008B3CE6 /* DB.h in CopyFiles */,
				A54D28A618F72E5C008B3CE6 /* DBDelete.h in CopyFiles */,
				A54D28A718F72E5C008B3CE6 /* DBInsert.h in CopyFiles */,
				A54D28A818F72E5C008B3CE6 /* DBSelect.h in CopyFiles */,
				A54D28A918F72E5C008B3CE6 /* DBStatement.h in CopyFiles */,
				A54D28AA18F72E5C008B3CE6 /* DBUpdate.h in CopyFiles */,
			);
			runOnlyForDeploymentPostprocessing = 0;
		};
/* End PBXCopyFilesBuildPhase section */

/* Begin PBXFileReference section */
		A504AC7218F2F71E006C336A /* libDBKit_iOS.a */ = {isa = PBXFileReference; explicitFileType = archive.ar; includeInIndex = 0; path = libDBKit_iOS.a; sourceTree = BUILT_PRODUCTS_DIR; };
		A504AC7518F2F71E006C336A /* Foundation.framework */ = {isa = PBXFileReference; lastKnownFileType = wrapper.framework; name = Foundation.framework; path = System/Library/Frameworks/Foundation.framework; sourceTree = SDKROOT; };
		A504AC7918F2F71E006C336A /* DBKit_iOS-Prefix.pch */ = {isa = PBXFileReference; lastKnownFileType = sourcecode.c.h; path = "DBKit_iOS-Prefix.pch"; sourceTree = "<group>"; };
		A504AC9B18F2F73B006C336A /* DB.h */ = {isa = PBXFileReference; fileEncoding = 4; lastKnownFileType = sourcecode.c.h; path = DB.h; sourceTree = "<group>"; };
		A504AC9C18F2F73B006C336A /* DB.m */ = {isa = PBXFileReference; fileEncoding = 4; lastKnownFileType = sourcecode.c.objc; path = DB.m; sourceTree = "<group>"; };
		A504AC9D18F2F73B006C336A /* DBDelete.h */ = {isa = PBXFileReference; fileEncoding = 4; lastKnownFileType = sourcecode.c.h; path = DBDelete.h; sourceTree = "<group>"; };
		A504AC9E18F2F73B006C336A /* DBDelete.m */ = {isa = PBXFileReference; fileEncoding = 4; lastKnownFileType = sourcecode.c.objc; path = DBDelete.m; sourceTree = "<group>"; };
		A504AC9F18F2F73B006C336A /* DBInsert.h */ = {isa = PBXFileReference; fileEncoding = 4; lastKnownFileType = sourcecode.c.h; path = DBInsert.h; sourceTree = "<group>"; };
		A504ACA018F2F73B006C336A /* DBInsert.m */ = {isa = PBXFileReference; fileEncoding = 4; lastKnownFileType = sourcecode.c.objc; path = DBInsert.m; sourceTree = "<group>"; };
		A504ACA118F2F73B006C336A /* DBMutatingStatement.h */ = {isa = PBXFileReference; fileEncoding = 4; lastKnownFileType = sourcecode.c.h; path = DBMutatingStatement.h; sourceTree = "<group>"; };
		A504ACA218F2F73B006C336A /* DBMutatingStatement.m */ = {isa = PBXFileReference; fileEncoding = 4; lastKnownFileType = sourcecode.c.objc; path = DBMutatingStatement.m; sourceTree = "<group>"; };
		A504ACA318F2F73B006C336A /* DBSelect.h */ = {isa = PBXFileReference; fileEncoding = 4; lastKnownFileType = sourcecode.c.h; path = DBSelect.h; sourceTree = "<group>"; };
		A504ACA418F2F73B006C336A /* DBSelect.m */ = {isa = PBXFileReference; fileEncoding = 4; lastKnownFileType = sourcecode.c.objc; path = DBSelect.m; sourceTree = "<group>"; };
		A504ACA518F2F73B006C336A /* DBStatement.h */ = {isa = PBXFileReference; fileEncoding = 4; lastKnownFileType = sourcecode.c.h; path = DBStatement.h; sourceTree = "<group>"; };
		A504ACA618F2F73B006C336A /* DBStatement.m */ = {isa = PBXFileReference; fileEncoding = 4; lastKnownFileType = sourcecode.c.objc; path = DBStatement.m; sourceTree = "<group>"; };
		A504ACA718F2F73B006C336A /* DBUpdate.h */ = {isa = PBXFileReference; fileEncoding = 4; lastKnownFileType = sourcecode.c.h; path = DBUpdate.h; sourceTree = "<group>"; };
		A504ACA818F2F73B006C336A /* DBUpdate.m */ = {isa = PBXFileReference; fileEncoding = 4; lastKnownFileType = sourcecode.c.objc; path = DBUpdate.m; sourceTree = "<group>"; };
		A504ACB018F2F7DA006C336A /* CoreData.framework */ = {isa = PBXFileReference; lastKnownFileType = wrapper.framework; name = CoreData.framework; path = System/Library/Frameworks/CoreData.framework; sourceTree = SDKROOT; };
		A54D28BA18F7309A008B3CE6 /* DBKit.h */ = {isa = PBXFileReference; lastKnownFileType = sourcecode.c.h; path = DBKit.h; sourceTree = "<group>"; };
/* End PBXFileReference section */

/* Begin PBXFrameworksBuildPhase section */
		A504AC6F18F2F71E006C336A /* Frameworks */ = {
			isa = PBXFrameworksBuildPhase;
			buildActionMask = 2147483647;
			files = (
				A504ACB118F2F7DA006C336A /* CoreData.framework in Frameworks */,
				A504AC7618F2F71E006C336A /* Foundation.framework in Frameworks */,
			);
			runOnlyForDeploymentPostprocessing = 0;
		};
/* End PBXFrameworksBuildPhase section */

/* Begin PBXGroup section */
		A504AC6918F2F71E006C336A = {
			isa = PBXGroup;
			children = (
				A504AC7718F2F71E006C336A /* DBKit */,
				A504AC7418F2F71E006C336A /* Frameworks */,
				A504AC7318F2F71E006C336A /* Products */,
			);
			sourceTree = "<group>";
		};
		A504AC7318F2F71E006C336A /* Products */ = {
			isa = PBXGroup;
			children = (
				A504AC7218F2F71E006C336A /* libDBKit_iOS.a */,
			);
			name = Products;
			sourceTree = "<group>";
		};
		A504AC7418F2F71E006C336A /* Frameworks */ = {
			isa = PBXGroup;
			children = (
				A504ACB018F2F7DA006C336A /* CoreData.framework */,
				A504AC7518F2F71E006C336A /* Foundation.framework */,
			);
			name = Frameworks;
			sourceTree = "<group>";
		};
		A504AC7718F2F71E006C336A /* DBKit */ = {
			isa = PBXGroup;
			children = (
				A54D28BA18F7309A008B3CE6 /* DBKit.h */,
				A504AC9B18F2F73B006C336A /* DB.h */,
				A504AC9C18F2F73B006C336A /* DB.m */,
				A504AC9D18F2F73B006C336A /* DBDelete.h */,
				A504AC9E18F2F73B006C336A /* DBDelete.m */,
				A504AC9F18F2F73B006C336A /* DBInsert.h */,
				A504ACA018F2F73B006C336A /* DBInsert.m */,
				A504ACA118F2F73B006C336A /* DBMutatingStatement.h */,
				A504ACA218F2F73B006C336A /* DBMutatingStatement.m */,
				A504ACA318F2F73B006C336A /* DBSelect.h */,
				A504ACA418F2F73B006C336A /* DBSelect.m */,
				A504ACA518F2F73B006C336A /* DBStatement.h */,
				A504ACA618F2F73B006C336A /* DBStatement.m */,
				A504ACA718F2F73B006C336A /* DBUpdate.h */,
				A504ACA818F2F73B006C336A /* DBUpdate.m */,
				A504AC7818F2F71E006C336A /* Supporting Files */,
			);
			path = DBKit;
			sourceTree = "<group>";
		};
		A504AC7818F2F71E006C336A /* Supporting Files */ = {
			isa = PBXGroup;
			children = (
				A504AC7918F2F71E006C336A /* DBKit_iOS-Prefix.pch */,
			);
			name = "Supporting Files";
			sourceTree = "<group>";
		};
/* End PBXGroup section */

/* Begin PBXNativeTarget section */
		A504AC7118F2F71E006C336A /* DBKit_iOS */ = {
			isa = PBXNativeTarget;
			buildConfigurationList = A504AC9518F2F71E006C336A /* Build configuration list for PBXNativeTarget "DBKit_iOS" */;
			buildPhases = (
				A504AC6E18F2F71E006C336A /* Sources */,
				A504AC6F18F2F71E006C336A /* Frameworks */,
				A504AC7018F2F71E006C336A /* CopyFiles */,
			);
			buildRules = (
			);
			dependencies = (
			);
			name = DBKit_iOS;
			productName = DBKit;
			productReference = A504AC7218F2F71E006C336A /* libDBKit_iOS.a */;
			productType = "com.apple.product-type.library.static";
		};
/* End PBXNativeTarget section */

/* Begin PBXProject section */
		A504AC6A18F2F71E006C336A /* Project object */ = {
			isa = PBXProject;
			attributes = {
				LastUpgradeCheck = 0510;
				ORGANIZATIONNAME = Etresoft;
			};
			buildConfigurationList = A504AC6D18F2F71E006C336A /* Build configuration list for PBXProject "DBKit_iOS" */;
			compatibilityVersion = "Xcode 3.2";
			developmentRegion = English;
			hasScannedForEncodings = 0;
			knownRegions = (
				en,
			);
			mainGroup = A504AC6918F2F71E006C336A;
			productRefGroup = A504AC7318F2F71E006C336A /* Products */;
			projectDirPath = "";
			projectRoot = "";
			targets = (
				A504AC7118F2F71E006C336A /* DBKit_iOS */,
			);
		};
/* End PBXProject section */

/* Begin PBXSourcesBuildPhase section */
		A504AC6E18F2F71E006C336A /* Sources */ = {
			isa = PBXSourcesBuildPhase;
			buildActionMask = 2147483647;
			files = (
				A504ACAB18F2F73B006C336A /* DBInsert.m in Sources */,
				A504ACAA18F2F73B006C336A /* DBDelete.m in Sources */,
				A504ACAC18F2F73B006C336A /* DBMutatingStatement.m in Sources */,
				A504ACAE18F2F73B006C336A /* DBStatement.m in Sources */,
				A504ACAD18F2F73B006C336A /* DBSelect.m in Sources */,
				A504ACAF18F2F73B006C336A /* DBUpdate.m in Sources */,
				A504ACA918F2F73B006C336A /* DB.m in Sources */,
			);
			runOnlyForDeploymentPostprocessing = 0;
		};
/* End PBXSourcesBuildPhase section */

/* Begin XCBuildConfiguration section */
		A504AC9318F2F71E006C336A /* Debug */ = {
			isa = XCBuildConfiguration;
			buildSettings = {
				ALWAYS_SEARCH_USER_PATHS = NO;
				CLANG_CXX_LANGUAGE_STANDARD = "gnu++0x";
				CLANG_CXX_LIBRARY = "libc++";
				CLANG_ENABLE_MODULES = YES;
				CLANG_ENABLE_OBJC_ARC = YES;
				CLANG_WARN_BOOL_CONVERSION = YES;
				CLANG_WARN_CONSTANT_CONVERSION = YES;
				CLANG_WARN_DIRECT_OBJC_ISA_USAGE = YES_ERROR;
				CLANG_WARN_EMPTY_BODY = YES;
				CLANG_WARN_ENUM_CONVERSION = YES;
				CLANG_WARN_INT_CONVERSION = YES;
				CLANG_WARN_OBJC_ROOT_CLASS = YES_ERROR;
				CLANG_WARN__DUPLICATE_METHOD_MATCH = YES;
				COPY_PHASE_STRIP = NO;
				GCC_C_LANGUAGE_STANDARD = gnu99;
				GCC_DYNAMIC_NO_PIC = NO;
				GCC_OPTIMIZATION_LEVEL = 0;
				GCC_PREPROCESSOR_DEFINITIONS = (
					"DEBUG=1",
					"$(inherited)",
				);
				GCC_SYMBOLS_PRIVATE_EXTERN = NO;
				GCC_WARN_64_TO_32_BIT_CONVERSION = YES;
				GCC_WARN_ABOUT_RETURN_TYPE = YES_ERROR;
				GCC_WARN_UNDECLARED_SELECTOR = YES;
				GCC_WARN_UNINITIALIZED_AUTOS = YES_AGGRESSIVE;
				GCC_WARN_UNUSED_FUNCTION = YES;
				GCC_WARN_UNUSED_VARIABLE = YES;
				IPHONEOS_DEPLOYMENT_TARGET = 7.1;
				ONLY_ACTIVE_ARCH = YES;
				SDKROOT = iphoneos;
			};
			name = Debug;
		};
		A504AC9418F2F71E006C336A /* Release */ = {
			isa = XCBuildConfiguration;
			buildSettings = {
				ALWAYS_SEARCH_USER_PATHS = NO;
				CLANG_CXX_LANGUAGE_STANDARD = "gnu++0x";
				CLANG_CXX_LIBRARY = "libc++";
				CLANG_ENABLE_MODULES = YES;
				CLANG_ENABLE_OBJC_ARC = YES;
				CLANG_WARN_BOOL_CONVERSION = YES;
				CLANG_WARN_CONSTANT_CONVERSION = YES;
				CLANG_WARN_DIRECT_OBJC_ISA_USAGE = YES_ERROR;
				CLANG_WARN_EMPTY_BODY = YES;
				CLANG_WARN_ENUM_CONVERSION = YES;
				CLANG_WARN_INT_CONVERSION = YES;
				CLANG_WARN_OBJC_ROOT_CLASS = YES_ERROR;
				CLANG_WARN__DUPLICATE_METHOD_MATCH = YES;
				COPY_PHASE_STRIP = YES;
				ENABLE_NS_ASSERTIONS = NO;
				GCC_C_LANGUAGE_STANDARD = gnu99;
				GCC_WARN_64_TO_32_BIT_CONVERSION = YES;
				GCC_WARN_ABOUT_RETURN_TYPE = YES_ERROR;
				GCC_WARN_UNDECLARED_SELECTOR = YES;
				GCC_WARN_UNINITIALIZED_AUTOS = YES_AGGRESSIVE;
				GCC_WARN_UNUSED_FUNCTION = YES;
				GCC_WARN_UNUSED_VARIABLE = YES;
				IPHONEOS_DEPLOYMENT_TARGET = 7.1;
				SDKROOT = iphoneos;
				VALIDATE_PRODUCT = YES;
			};
			name = Release;
		};
		A504AC9618F2F71E006C336A /* Debug */ = {
			isa = XCBuildConfiguration;
			buildSettings = {
				DSTROOT = /tmp/DBKit.dst;
				GCC_PRECOMPILE_PREFIX_HEADER = YES;
				GCC_PREFIX_HEADER = "DBKit/DBKit_iOS-Prefix.pch";
				OTHER_LDFLAGS = "-ObjC";
				PRODUCT_NAME = DBKit_iOS;
				SKIP_INSTALL = YES;
			};
			name = Debug;
		};
		A504AC9718F2F71E006C336A /* Release */ = {
			isa = XCBuildConfiguration;
			buildSettings = {
				DSTROOT = /tmp/DBKit.dst;
				GCC_PRECOMPILE_PREFIX_HEADER = YES;
				GCC_PREFIX_HEADER = "DBKit/DBKit_iOS-Prefix.pch";
				OTHER_LDFLAGS = "-ObjC";
				PRODUCT_NAME = DBKit_iOS;
				SKIP_INSTALL = YES;
			};
			name = Release;
		};
/* End XCBuildConfiguration section */

/* Begin XCConfigurationList section */
		A504AC6D18F2F71E006C336A /* Build configuration list for PBXProject "DBKit_iOS" */ = {
			isa = XCConfigurationList;
			buildConfigurations = (
				A504AC9318F2F71E006C336A /* Debug */,
				A504AC9418F2F71E006C336A /* Release */,
			);
			defaultConfigurationIsVisible = 0;
			defaultConfigurationName = Release;
		};
		A504AC9518F2F71E006C336A /* Build configuration list for PBXNativeTarget "DBKit_iOS" */ = {
			isa = XCConfigurationList;
			buildConfigurations = (
				A504AC9618F2F71E006C336A /* Debug */,
				A504AC9718F2F71E006C336A /* Release */,
			);
			defaultConfigurationIsVisible = 0;
			defaultConfigurationName = Release;
		};
/* End XCConfigurationList section */
	};
	rootObject = A504AC6A18F2F71E006C336A /* Project object */;
}
